#MicroXplorer Configuration settings - do not modify
Mcu.Family=STM32L4
RCC.MSI_VALUE=4000000
ProjectManager.MainLocation=Core/Src
PC7.GPIOParameters=GPIO_Label
RCC.PLLQoutputFreq_Value=16000000
ProjectManager.ProjectFileName=MEC825.ioc
VP_SYS_VS_tim6.Mode=TIM6
RCC.SAI1Freq_Value=16000000
FREERTOS.Tasks01=OLED,24,128,OLEDupdater,Default,NULL,Dynamic,NULL,NULL;MOTOR,16,128,MOTORupdater,Default,NULL,Dynamic,NULL,NULL
PG6.Signal=GPXTI6
PA13\ (JTMS/SWDIO).Mode=Serial_Wire
I2C1.I2C_Speed_Mode=I2C_Fast
ProjectManager.KeepUserCode=true
Mcu.UserName=STM32L496ZGTx
Mcu.PinsNb=18
ProjectManager.NoMain=false
PC11.Locked=true
NVIC.TIM6_DAC_IRQn=true\:0\:0\:false\:false\:true\:false\:false\:true
PC13.Locked=true
PC10.Locked=true
NVIC.SavedSvcallIrqHandlerGenerated=true
PG6.Locked=true
PC13.Signal=GPXTI13
PC10.Signal=GPIO_Output
PC11.Signal=GPIO_Input
PB14.GPIO_Label=ONBOARD |RED| LED
RCC.PLLSAI1RoutputFreq_Value=16000000
PG6.GPIO_Label=LIMIT SWITCH
PC7.Locked=true
PA12.GPIOParameters=GPIO_Label
ProjectManager.functionlistsort=1-MX_GPIO_Init-GPIO-false-HAL-true,2-SystemClock_Config-RCC-false-HAL-false,3-MX_I2C1_Init-I2C1-false-HAL-true
PA11.GPIOParameters=GPIO_Label
PB11.GPIO_Label=Motor Initialized
PA11.GPIO_Label=EXTERNAL LED BLUE
ProjectManager.DefaultFWLocation=true
ProjectManager.DeletePrevious=true
PC13.GPIO_Label=EMERGENCY SHUTDOWN
PB14.Locked=true
RCC.VCOSAI2OutputFreq_Value=32000000
PB11.Signal=GPIO_Output
PinOutPanel.RotationAngle=0
PA12.GPIO_Label=MOTOR DIRECTION PIN
RCC.FamilyName=M
ProjectManager.StackSize=0x400
VP_FREERTOS_VS_CMSIS_V2.Mode=CMSIS_V2
SH.GPXTI13.0=GPIO_EXTI13
SH.GPXTI6.0=GPIO_EXTI6
Mcu.IP4=SYS
SH.GPXTI6.ConfNb=1
I2C1.IPParameters=I2C_Speed_Mode,Timing
Mcu.IP2=NVIC
NVIC.SVCall_IRQn=true\:0\:0\:false\:false\:false\:false\:false\:false
Mcu.IP3=RCC
Mcu.IP0=FREERTOS
PA11.Locked=true
PA12.Locked=true
PA14\ (JTCK/SWCLK).Signal=SYS_JTCK-SWCLK
Mcu.IP1=I2C1
PA12.Signal=GPIO_Output
Mcu.UserConstants=
RCC.VCOSAI1OutputFreq_Value=32000000
ProjectManager.TargetToolchain=STM32CubeIDE
SH.GPXTI13.ConfNb=1
Mcu.ThirdPartyNb=0
PB7.GPIOParameters=GPIO_Label
Mcu.IPNb=5
ProjectManager.PreviousToolchain=
PB9.Mode=I2C
PB6.Signal=GPIO_Input
I2C1.Timing=0x00000004
PC7.Signal=GPIO_Output
PB11.GPIOParameters=GPIO_Label
PB9.Locked=true
Mcu.Pin6=PA11
RCC.SAI2Freq_Value=16000000
Mcu.Pin7=PA12
ProjectManager.RegisterCallBack=
Mcu.Pin8=PA13 (JTMS/SWDIO)
Mcu.Pin9=PA14 (JTCK/SWCLK)
FREERTOS.IPParameters=Tasks01,FootprintOK
RCC.LSE_VALUE=32768
RCC.PLLSAI1PoutputFreq_Value=16000000
Mcu.Pin0=PC13
Mcu.Pin1=PA5
GPIO.groupedBy=Group By Peripherals
Mcu.Pin2=PB11
Mcu.Pin3=PB14
Mcu.Pin4=PG6
NVIC.EXTI15_10_IRQn=true\:5\:0\:false\:false\:true\:false\:true\:true
PB14.Signal=GPIO_Output
PG6.GPIOParameters=GPIO_PuPd,GPIO_Label
Mcu.Pin5=PC7
RCC.PLLSAI2RoutputFreq_Value=16000000
PA5.Signal=GPIO_Output
ProjectManager.ProjectBuild=false
RCC.HSE_VALUE=8000000
NVIC.UsageFault_IRQn=true\:0\:0\:false\:false\:true\:false\:false\:false
NVIC.DebugMonitor_IRQn=true\:0\:0\:false\:false\:true\:false\:false\:false
board=custom
RCC.VCOOutputFreq_Value=32000000
NVIC.SysTick_IRQn=true\:15\:0\:false\:false\:false\:true\:false\:true
ProjectManager.LastFirmware=true
ProjectManager.FirmwarePackage=STM32Cube FW_L4 V1.17.0
MxDb.Version=DB.6.0.21
VP_SYS_VS_tim6.Signal=SYS_VS_tim6
NVIC.SavedSystickIrqHandlerGenerated=true
PG6.GPIO_PuPd=GPIO_NOPULL
ProjectManager.BackupPrevious=false
MxCube.Version=6.2.1
RCC.VCOInputFreq_Value=4000000
PC13.GPIOParameters=GPIO_Label
RCC.PLLSAI1QoutputFreq_Value=16000000
File.Version=6
PB7.Signal=GPIO_Output
PB8.Locked=true
NVIC.NonMaskableInt_IRQn=true\:0\:0\:false\:false\:true\:false\:false\:false
PA14\ (JTCK/SWCLK).Mode=Serial_Wire
RCC.PLLRCLKFreq_Value=16000000
PB6.Locked=true
NVIC.PendSV_IRQn=true\:15\:0\:false\:false\:false\:true\:false\:false
ProjectManager.FreePins=false
RCC.IPParameters=FamilyName,HSE_VALUE,HSI48_VALUE,HSI_VALUE,LSCOPinFreq_Value,LSE_VALUE,LSI_VALUE,MSI_VALUE,PLLPoutputFreq_Value,PLLQoutputFreq_Value,PLLRCLKFreq_Value,PLLSAI1PoutputFreq_Value,PLLSAI1QoutputFreq_Value,PLLSAI1RoutputFreq_Value,PLLSAI2PoutputFreq_Value,PLLSAI2RoutputFreq_Value,SAI1Freq_Value,SAI2Freq_Value,VCOInputFreq_Value,VCOOutputFreq_Value,VCOSAI1OutputFreq_Value,VCOSAI2OutputFreq_Value
ProjectManager.AskForMigrate=true
Mcu.Name=STM32L496Z(E-G)Tx
ProjectManager.HalAssertFull=false
NVIC.SavedPendsvIrqHandlerGenerated=true
ProjectManager.ProjectName=MEC825
ProjectManager.UnderRoot=true
VP_FREERTOS_VS_CMSIS_V2.Signal=FREERTOS_VS_CMSIS_V2
PC7.GPIO_Label=ONBOARD |GREEN| LED
ProjectManager.CoupleFile=true
PB7.GPIO_Label=ONBOARD |BLUE| LED
Mcu.Package=LQFP144
PB9.Signal=I2C1_SDA
PA5.Locked=true
NVIC.TimeBase=TIM6_DAC_IRQn
PA5.GPIO_Label=MOTOR STEP PIN
NVIC.ForceEnableDMAVector=true
RCC.PLLSAI2PoutputFreq_Value=16000000
KeepUserPlacement=false
NVIC.MemoryManagement_IRQn=true\:0\:0\:false\:false\:true\:false\:false\:false
ProjectManager.CompilerOptimize=6
ProjectManager.ToolChainLocation=
RCC.LSI_VALUE=32000
PA11.Signal=GPIO_Output
NVIC.TimeBaseIP=TIM6
NVIC.EXTI9_5_IRQn=true\:5\:0\:false\:false\:true\:true\:true\:true
RCC.LSCOPinFreq_Value=32000
FREERTOS.FootprintOK=true
ProjectManager.HeapSize=0x200
Mcu.Pin15=PB9
NVIC.HardFault_IRQn=true\:0\:0\:false\:false\:true\:false\:false\:false
Mcu.Pin16=VP_FREERTOS_VS_CMSIS_V2
PA5.GPIOParameters=GPIO_Label
Mcu.Pin13=PB7
Mcu.Pin14=PB8
PB14.GPIOParameters=GPIO_Label
ProjectManager.ComputerToolchain=false
Mcu.Pin17=VP_SYS_VS_tim6
RCC.HSI_VALUE=16000000
NVIC.PriorityGroup=NVIC_PRIORITYGROUP_4
Mcu.Pin11=PC11
Mcu.Pin12=PB6
PB8.Mode=I2C
RCC.PLLPoutputFreq_Value=16000000
Mcu.Pin10=PC10
PB7.Locked=true
PB8.Signal=I2C1_SCL
NVIC.BusFault_IRQn=true\:0\:0\:false\:false\:true\:false\:false\:false
ProjectManager.CustomerFirmwarePackage=
PB11.Locked=true
ProjectManager.DeviceId=STM32L496ZGTx
ProjectManager.LibraryCopy=1
RCC.HSI48_VALUE=48000000
PA13\ (JTMS/SWDIO).Signal=SYS_JTMS-SWDIO
isbadioc=false
